
Microsoft Visual Studio Solution File, Format Version 12.00
# Visual Studio Version 17
VisualStudioVersion = 17.11.35327.3
MinimumVisualStudioVersion = 10.0.40219.1
Project("{FAE04EC0-301F-11D3-BF4B-00C04F79EFBC}") = "GestionDeVehiculo", "GestionDeVehiculo\GestionDeVehiculo.csproj", "{6B3C3439-10F4-4353-8351-DAA414CE7B93}"
EndProject
Global
	GlobalSection(SolutionConfigurationPlatforms) = preSolution
		Debug|Any CPU = Debug|Any CPU
		Release|Any CPU = Release|Any CPU
	EndGlobalSection
	GlobalSection(ProjectConfigurationPlatforms) = postSolution
		{6B3C3439-10F4-4353-8351-DAA414CE7B93}.Debug|Any CPU.ActiveCfg = Debug|Any CPU
		{6B3C3439-10F4-4353-8351-DAA414CE7B93}.Debug|Any CPU.Build.0 = Debug|Any CPU
		{6B3C3439-10F4-4353-8351-DAA414CE7B93}.Release|Any CPU.ActiveCfg = Release|Any CPU
		{6B3C3439-10F4-4353-8351-DAA414CE7B93}.Release|Any CPU.Build.0 = Release|Any CPU
	EndGlobalSection
	GlobalSection(SolutionProperties) = preSolution
		HideSolutionNode = FALSE
	EndGlobalSection
	GlobalSection(ExtensibilityGlobals) = postSolution
		SolutionGuid = {6C91C223-3520-46BE-B25E-BF60878D96B5}
	EndGlobalSection
EndGlobal
